// !$*UTF8*$!
{
	archiveVersion = 1;
	classes = {
	};
	objectVersion = 46;
	objects = {

/* Begin PBXBuildFile section */
		E200CA3C1869F89900C34C91 /* Foundation.framework in Frameworks */ = {isa = PBXBuildFile; fileRef = E200CA3B1869F89900C34C91 /* Foundation.framework */; };
		E200CA3E1869F89900C34C91 /* CoreGraphics.framework in Frameworks */ = {isa = PBXBuildFile; fileRef = E200CA3D1869F89900C34C91 /* CoreGraphics.framework */; };
		E200CA401869F89900C34C91 /* UIKit.framework in Frameworks */ = {isa = PBXBuildFile; fileRef = E200CA3F1869F89900C34C91 /* UIKit.framework */; };
		E200CA461869F89900C34C91 /* InfoPlist.strings in Resources */ = {isa = PBXBuildFile; fileRef = E200CA441869F89900C34C91 /* InfoPlist.strings */; };
		E200CA481869F89900C34C91 /* main.m in Sources */ = {isa = PBXBuildFile; fileRef = E200CA471869F89900C34C91 /* main.m */; };
		E200CA4C1869F89900C34C91 /* AppDelegate.m in Sources */ = {isa = PBXBuildFile; fileRef = E200CA4B1869F89900C34C91 /* AppDelegate.m */; };
		E200CA4F1869F89900C34C91 /* Main.storyboard in Resources */ = {isa = PBXBuildFile; fileRef = E200CA4D1869F89900C34C91 /* Main.storyboard */; };
		E200CA521869F89900C34C91 /* ViewController.m in Sources */ = {isa = PBXBuildFile; fileRef = E200CA511869F89900C34C91 /* ViewController.m */; };
		E200CA541869F89900C34C91 /* Images.xcassets in Resources */ = {isa = PBXBuildFile; fileRef = E200CA531869F89900C34C91 /* Images.xcassets */; };
		E200CA5B1869F89900C34C91 /* XCTest.framework in Frameworks */ = {isa = PBXBuildFile; fileRef = E200CA5A1869F89900C34C91 /* XCTest.framework */; };
		E200CA5C1869F89900C34C91 /* Foundation.framework in Frameworks */ = {isa = PBXBuildFile; fileRef = E200CA3B1869F89900C34C91 /* Foundation.framework */; };
		E200CA5D1869F89900C34C91 /* UIKit.framework in Frameworks */ = {isa = PBXBuildFile; fileRef = E200CA3F1869F89900C34C91 /* UIKit.framework */; };
		E200CA651869F89900C34C91 /* InfoPlist.strings in Resources */ = {isa = PBXBuildFile; fileRef = E200CA631869F89900C34C91 /* InfoPlist.strings */; };
		E200CA671869F89900C34C91 /* Tap_MeTests.m in Sources */ = {isa = PBXBuildFile; fileRef = E200CA661869F89900C34C91 /* Tap_MeTests.m */; };
		E2C5E961186AC1B700D9C33A /* bg_tile.png in Resources */ = {isa = PBXBuildFile; fileRef = E2C5E950186AC1B700D9C33A /* bg_tile.png */; };
		E2C5E962186AC1B700D9C33A /* bg_tile@2x.png in Resources */ = {isa = PBXBuildFile; fileRef = E2C5E951186AC1B700D9C33A /* bg_tile@2x.png */; };
		E2C5E963186AC1B700D9C33A /* button_tap_deselected.png in Resources */ = {isa = PBXBuildFile; fileRef = E2C5E952186AC1B700D9C33A /* button_tap_deselected.png */; };
		E2C5E964186AC1B700D9C33A /* button_tap_deselected@2x.png in Resources */ = {isa = PBXBuildFile; fileRef = E2C5E953186AC1B700D9C33A /* button_tap_deselected@2x.png */; };
		E2C5E965186AC1B700D9C33A /* button_tap_selected.png in Resources */ = {isa = PBXBuildFile; fileRef = E2C5E954186AC1B700D9C33A /* button_tap_selected.png */; };
		E2C5E966186AC1B700D9C33A /* button_tap_selected@2x.png in Resources */ = {isa = PBXBuildFile; fileRef = E2C5E955186AC1B700D9C33A /* button_tap_selected@2x.png */; };
		E2C5E967186AC1B700D9C33A /* ButtonTap.wav in Resources */ = {isa = PBXBuildFile; fileRef = E2C5E956186AC1B700D9C33A /* ButtonTap.wav */; };
		E2C5E968186AC1B700D9C33A /* checker_bottom.png in Resources */ = {isa = PBXBuildFile; fileRef = E2C5E957186AC1B700D9C33A /* checker_bottom.png */; };
		E2C5E969186AC1B700D9C33A /* checker_bottom@2x.png in Resources */ = {isa = PBXBuildFile; fileRef = E2C5E958186AC1B700D9C33A /* checker_bottom@2x.png */; };
		E2C5E96A186AC1B700D9C33A /* checker_top.png in Resources */ = {isa = PBXBuildFile; fileRef = E2C5E959186AC1B700D9C33A /* checker_top.png */; };
		E2C5E96B186AC1B700D9C33A /* checker_top@2x.png in Resources */ = {isa = PBXBuildFile; fileRef = E2C5E95A186AC1B700D9C33A /* checker_top@2x.png */; };
		E2C5E96C186AC1B700D9C33A /* field_score.png in Resources */ = {isa = PBXBuildFile; fileRef = E2C5E95B186AC1B700D9C33A /* field_score.png */; };
		E2C5E96D186AC1B700D9C33A /* field_score@2x.png in Resources */ = {isa = PBXBuildFile; fileRef = E2C5E95C186AC1B700D9C33A /* field_score@2x.png */; };
		E2C5E96E186AC1B700D9C33A /* field_time.png in Resources */ = {isa = PBXBuildFile; fileRef = E2C5E95D186AC1B700D9C33A /* field_time.png */; };
		E2C5E96F186AC1B700D9C33A /* field_time@2x.png in Resources */ = {isa = PBXBuildFile; fileRef = E2C5E95E186AC1B700D9C33A /* field_time@2x.png */; };
		E2C5E970186AC1B700D9C33A /* HallOfTheMountainKing.mp3 in Resources */ = {isa = PBXBuildFile; fileRef = E2C5E95F186AC1B700D9C33A /* HallOfTheMountainKing.mp3 */; };
		E2C5E971186AC1B700D9C33A /* SecondBeep.wav in Resources */ = {isa = PBXBuildFile; fileRef = E2C5E960186AC1B700D9C33A /* SecondBeep.wav */; };
		E2C5E9B4186ACC1A00D9C33A /* AVFoundation.framework in Frameworks */ = {isa = PBXBuildFile; fileRef = E2C5E9B3186ACC1A00D9C33A /* AVFoundation.framework */; };
/* End PBXBuildFile section */

/* Begin PBXContainerItemProxy section */
		E200CA5E1869F89900C34C91 /* PBXContainerItemProxy */ = {
			isa = PBXContainerItemProxy;
			containerPortal = E200CA301869F89900C34C91 /* Project object */;
			proxyType = 1;
			remoteGlobalIDString = E200CA371869F89900C34C91;
			remoteInfo = "Tap Me";
		};
/* End PBXContainerItemProxy section */

/* Begin PBXFileReference section */
		E200CA381869F89900C34C91 /* Tap Me.app */ = {isa = PBXFileReference; explicitFileType = wrapper.application; includeInIndex = 0; path = "Tap Me.app"; sourceTree = BUILT_PRODUCTS_DIR; };
		E200CA3B1869F89900C34C91 /* Foundation.framework */ = {isa = PBXFileReference; lastKnownFileType = wrapper.framework; name = Foundation.framework; path = System/Library/Frameworks/Foundation.framework; sourceTree = SDKROOT; };
		E200CA3D1869F89900C34C91 /* CoreGraphics.framework */ = {isa = PBXFileReference; lastKnownFileType = wrapper.framework; name = CoreGraphics.framework; path = System/Library/Frameworks/CoreGraphics.framework; sourceTree = SDKROOT; };
		E200CA3F1869F89900C34C91 /* UIKit.framework */ = {isa = PBXFileReference; lastKnownFileType = wrapper.framework; name = UIKit.framework; path = System/Library/Frameworks/UIKit.framework; sourceTree = SDKROOT; };
		E200CA431869F89900C34C91 /* Tap Me-Info.plist */ = {isa = PBXFileReference; lastKnownFileType = text.plist.xml; path = "Tap Me-Info.plist"; sourceTree = "<group>"; };
		E200CA451869F89900C34C91 /* en */ = {isa = PBXFileReference; lastKnownFileType = text.plist.strings; name = en; path = en.lproj/InfoPlist.strings; sourceTree = "<group>"; };
		E200CA471869F89900C34C91 /* main.m */ = {isa = PBXFileReference; lastKnownFileType = sourcecode.c.objc; path = main.m; sourceTree = "<group>"; };
		E200CA491869F89900C34C91 /* Tap Me-Prefix.pch */ = {isa = PBXFileReference; lastKnownFileType = sourcecode.c.h; path = "Tap Me-Prefix.pch"; sourceTree = "<group>"; };
		E200CA4A1869F89900C34C91 /* AppDelegate.h */ = {isa = PBXFileReference; lastKnownFileType = sourcecode.c.h; path = AppDelegate.h; sourceTree = "<group>"; };
		E200CA4B1869F89900C34C91 /* AppDelegate.m */ = {isa = PBXFileReference; lastKnownFileType = sourcecode.c.objc; path = AppDelegate.m; sourceTree = "<group>"; };
		E200CA4E1869F89900C34C91 /* Base */ = {isa = PBXFileReference; lastKnownFileType = file.storyboard; name = Base; path = Base.lproj/Main.storyboard; sourceTree = "<group>"; };
		E200CA501869F89900C34C91 /* ViewController.h */ = {isa = PBXFileReference; lastKnownFileType = sourcecode.c.h; path = ViewController.h; sourceTree = "<group>"; };
		E200CA511869F89900C34C91 /* ViewController.m */ = {isa = PBXFileReference; lastKnownFileType = sourcecode.c.objc; path = ViewController.m; sourceTree = "<group>"; };
		E200CA531869F89900C34C91 /* Images.xcassets */ = {isa = PBXFileReference; lastKnownFileType = folder.assetcatalog; path = Images.xcassets; sourceTree = "<group>"; };
		E200CA591869F89900C34C91 /* Tap MeTests.xctest */ = {isa = PBXFileReference; explicitFileType = wrapper.cfbundle; includeInIndex = 0; path = "Tap MeTests.xctest"; sourceTree = BUILT_PRODUCTS_DIR; };
		E200CA5A1869F89900C34C91 /* XCTest.framework */ = {isa = PBXFileReference; lastKnownFileType = wrapper.framework; name = XCTest.framework; path = Library/Frameworks/XCTest.framework; sourceTree = DEVELOPER_DIR; };
		E200CA621869F89900C34C91 /* Tap MeTests-Info.plist */ = {isa = PBXFileReference; lastKnownFileType = text.plist.xml; path = "Tap MeTests-Info.plist"; sourceTree = "<group>"; };
		E200CA641869F89900C34C91 /* en */ = {isa = PBXFileReference; lastKnownFileType = text.plist.strings; name = en; path = en.lproj/InfoPlist.strings; sourceTree = "<group>"; };
		E200CA661869F89900C34C91 /* Tap_MeTests.m */ = {isa = PBXFileReference; lastKnownFileType = sourcecode.c.objc; path = Tap_MeTests.m; sourceTree = "<group>"; };
		E2C5E950186AC1B700D9C33A /* bg_tile.png */ = {isa = PBXFileReference; lastKnownFileType = image.png; path = bg_tile.png; sourceTree = "<group>"; };
		E2C5E951186AC1B700D9C33A /* bg_tile@2x.png */ = {isa = PBXFileReference; lastKnownFileType = image.png; path = "bg_tile@2x.png"; sourceTree = "<group>"; };
		E2C5E952186AC1B700D9C33A /* button_tap_deselected.png */ = {isa = PBXFileReference; lastKnownFileType = image.png; path = button_tap_deselected.png; sourceTree = "<group>"; };
		E2C5E953186AC1B700D9C33A /* button_tap_deselected@2x.png */ = {isa = PBXFileReference; lastKnownFileType = image.png; path = "button_tap_deselected@2x.png"; sourceTree = "<group>"; };
		E2C5E954186AC1B700D9C33A /* button_tap_selected.png */ = {isa = PBXFileReference; lastKnownFileType = image.png; path = button_tap_selected.png; sourceTree = "<group>"; };
		E2C5E955186AC1B700D9C33A /* button_tap_selected@2x.png */ = {isa = PBXFileReference; lastKnownFileType = image.png; path = "button_tap_selected@2x.png"; sourceTree = "<group>"; };
		E2C5E956186AC1B700D9C33A /* ButtonTap.wav */ = {isa = PBXFileReference; lastKnownFileType = audio.wav; path = ButtonTap.wav; sourceTree = "<group>"; };
		E2C5E957186AC1B700D9C33A /* checker_bottom.png */ = {isa = PBXFileReference; lastKnownFileType = image.png; path = checker_bottom.png; sourceTree = "<group>"; };
		E2C5E958186AC1B700D9C33A /* checker_bottom@2x.png */ = {isa = PBXFileReference; lastKnownFileType = image.png; path = "checker_bottom@2x.png"; sourceTree = "<group>"; };
		E2C5E959186AC1B700D9C33A /* checker_top.png */ = {isa = PBXFileReference; lastKnownFileType = image.png; path = checker_top.png; sourceTree = "<group>"; };
		E2C5E95A186AC1B700D9C33A /* checker_top@2x.png */ = {isa = PBXFileReference; lastKnownFileType = image.png; path = "checker_top@2x.png"; sourceTree = "<group>"; };
		E2C5E95B186AC1B700D9C33A /* field_score.png */ = {isa = PBXFileReference; lastKnownFileType = image.png; path = field_score.png; sourceTree = "<group>"; };
		E2C5E95C186AC1B700D9C33A /* field_score@2x.png */ = {isa = PBXFileReference; lastKnownFileType = image.png; path = "field_score@2x.png"; sourceTree = "<group>"; };
		E2C5E95D186AC1B700D9C33A /* field_time.png */ = {isa = PBXFileReference; lastKnownFileType = image.png; path = field_time.png; sourceTree = "<group>"; };
		E2C5E95E186AC1B700D9C33A /* field_time@2x.png */ = {isa = PBXFileReference; lastKnownFileType = image.png; path = "field_time@2x.png"; sourceTree = "<group>"; };
		E2C5E95F186AC1B700D9C33A /* HallOfTheMountainKing.mp3 */ = {isa = PBXFileReference; lastKnownFileType = audio.mp3; path = HallOfTheMountainKing.mp3; sourceTree = "<group>"; };
		E2C5E960186AC1B700D9C33A /* SecondBeep.wav */ = {isa = PBXFileReference; lastKnownFileType = audio.wav; path = SecondBeep.wav; sourceTree = "<group>"; };
		E2C5E9B3186ACC1A00D9C33A /* AVFoundation.framework */ = {isa = PBXFileReference; lastKnownFileType = wrapper.framework; name = AVFoundation.framework; path = System/Library/Frameworks/AVFoundation.framework; sourceTree = SDKROOT; };
/* End PBXFileReference section */

/* Begin PBXFrameworksBuildPhase section */
		E200CA351869F89900C34C91 /* Frameworks */ = {
			isa = PBXFrameworksBuildPhase;
			buildActionMask = 2147483647;
			files = (
				E2C5E9B4186ACC1A00D9C33A /* AVFoundation.framework in Frameworks */,
				E200CA3E1869F89900C34C91 /* CoreGraphics.framework in Frameworks */,
				E200CA401869F89900C34C91 /* UIKit.framework in Frameworks */,
				E200CA3C1869F89900C34C91 /* Foundation.framework in Frameworks */,
			);
			runOnlyForDeploymentPostprocessing = 0;
		};
		E200CA561869F89900C34C91 /* Frameworks */ = {
			isa = PBXFrameworksBuildPhase;
			buildActionMask = 2147483647;
			files = (
				E200CA5B1869F89900C34C91 /* XCTest.framework in Frameworks */,
				E200CA5D1869F89900C34C91 /* UIKit.framework in Frameworks */,
				E200CA5C1869F89900C34C91 /* Foundation.framework in Frameworks */,
			);
			runOnlyForDeploymentPostprocessing = 0;
		};
/* End PBXFrameworksBuildPhase section */

/* Begin PBXGroup section */
		E200CA2F1869F89900C34C91 = {
			isa = PBXGroup;
			children = (
				E200CA411869F89900C34C91 /* Tap Me */,
				E200CA601869F89900C34C91 /* Tap MeTests */,
				E200CA3A1869F89900C34C91 /* Frameworks */,
				E200CA391869F89900C34C91 /* Products */,
			);
			sourceTree = "<group>";
		};
		E200CA391869F89900C34C91 /* Products */ = {
			isa = PBXGroup;
			children = (
				E200CA381869F89900C34C91 /* Tap Me.app */,
				E200CA591869F89900C34C91 /* Tap MeTests.xctest */,
			);
			name = Products;
			sourceTree = "<group>";
		};
		E200CA3A1869F89900C34C91 /* Frameworks */ = {
			isa = PBXGroup;
			children = (
				E2C5E9B3186ACC1A00D9C33A /* AVFoundation.framework */,
				E200CA3B1869F89900C34C91 /* Foundation.framework */,
				E200CA3D1869F89900C34C91 /* CoreGraphics.framework */,
				E200CA3F1869F89900C34C91 /* UIKit.framework */,
				E200CA5A1869F89900C34C91 /* XCTest.framework */,
			);
			name = Frameworks;
			sourceTree = "<group>";
		};
		E200CA411869F89900C34C91 /* Tap Me */ = {
			isa = PBXGroup;
			children = (
				E200CA4A1869F89900C34C91 /* AppDelegate.h */,
				E200CA4B1869F89900C34C91 /* AppDelegate.m */,
				E200CA4D1869F89900C34C91 /* Main.storyboard */,
				E200CA501869F89900C34C91 /* ViewController.h */,
				E200CA511869F89900C34C91 /* ViewController.m */,
				E200CA531869F89900C34C91 /* Images.xcassets */,
				E200CA421869F89900C34C91 /* Supporting Files */,
			);
			path = "Tap Me";
			sourceTree = "<group>";
		};
		E200CA421869F89900C34C91 /* Supporting Files */ = {
			isa = PBXGroup;
			children = (
				E2C5E950186AC1B700D9C33A /* bg_tile.png */,
				E2C5E951186AC1B700D9C33A /* bg_tile@2x.png */,
				E2C5E952186AC1B700D9C33A /* button_tap_deselected.png */,
				E2C5E953186AC1B700D9C33A /* button_tap_deselected@2x.png */,
				E2C5E954186AC1B700D9C33A /* button_tap_selected.png */,
				E2C5E955186AC1B700D9C33A /* button_tap_selected@2x.png */,
				E2C5E956186AC1B700D9C33A /* ButtonTap.wav */,
				E2C5E957186AC1B700D9C33A /* checker_bottom.png */,
				E2C5E958186AC1B700D9C33A /* checker_bottom@2x.png */,
				E2C5E959186AC1B700D9C33A /* checker_top.png */,
				E2C5E95A186AC1B700D9C33A /* checker_top@2x.png */,
				E2C5E95B186AC1B700D9C33A /* field_score.png */,
				E2C5E95C186AC1B700D9C33A /* field_score@2x.png */,
				E2C5E95D186AC1B700D9C33A /* field_time.png */,
				E2C5E95E186AC1B700D9C33A /* field_time@2x.png */,
				E2C5E95F186AC1B700D9C33A /* HallOfTheMountainKing.mp3 */,
				E2C5E960186AC1B700D9C33A /* SecondBeep.wav */,
				E200CA431869F89900C34C91 /* Tap Me-Info.plist */,
				E200CA441869F89900C34C91 /* InfoPlist.strings */,
				E200CA471869F89900C34C91 /* main.m */,
				E200CA491869F89900C34C91 /* Tap Me-Prefix.pch */,
			);
			name = "Supporting Files";
			sourceTree = "<group>";
		};
		E200CA601869F89900C34C91 /* Tap MeTests */ = {
			isa = PBXGroup;
			children = (
				E200CA661869F89900C34C91 /* Tap_MeTests.m */,
				E200CA611869F89900C34C91 /* Supporting Files */,
			);
			path = "Tap MeTests";
			sourceTree = "<group>";
		};
		E200CA611869F89900C34C91 /* Supporting Files */ = {
			isa = PBXGroup;
			children = (
				E200CA621869F89900C34C91 /* Tap MeTests-Info.plist */,
				E200CA631869F89900C34C91 /* InfoPlist.strings */,
			);
			name = "Supporting Files";
			sourceTree = "<group>";
		};
/* End PBXGroup section */

/* Begin PBXNativeTarget section */
		E200CA371869F89900C34C91 /* Tap Me */ = {
			isa = PBXNativeTarget;
			buildConfigurationList = E200CA6A1869F89900C34C91 /* Build configuration list for PBXNativeTarget "Tap Me" */;
			buildPhases = (
				E200CA341869F89900C34C91 /* Sources */,
				E200CA351869F89900C34C91 /* Frameworks */,
				E200CA361869F89900C34C91 /* Resources */,
			);
			buildRules = (
			);
			dependencies = (
			);
			name = "Tap Me";
			productName = "Tap Me";
			productReference = E200CA381869F89900C34C91 /* Tap Me.app */;
			productType = "com.apple.product-type.application";
		};
		E200CA581869F89900C34C91 /* Tap MeTests */ = {
			isa = PBXNativeTarget;
			buildConfigurationList = E200CA6D1869F89900C34C91 /* Build configuration list for PBXNativeTarget "Tap MeTests" */;
			buildPhases = (
				E200CA551869F89900C34C91 /* Sources */,
				E200CA561869F89900C34C91 /* Frameworks */,
				E200CA571869F89900C34C91 /* Resources */,
			);
			buildRules = (
			);
			dependencies = (
				E200CA5F1869F89900C34C91 /* PBXTargetDependency */,
			);
			name = "Tap MeTests";
			productName = "Tap MeTests";
			productReference = E200CA591869F89900C34C91 /* Tap MeTests.xctest */;
			productType = "com.apple.product-type.bundle.unit-test";
		};
/* End PBXNativeTarget section */

/* Begin PBXProject section */
		E200CA301869F89900C34C91 /* Project object */ = {
			isa = PBXProject;
			attributes = {
				LastUpgradeCheck = 0500;
				ORGANIZATIONNAME = "Ahmed Khan";
				TargetAttributes = {
					E200CA581869F89900C34C91 = {
						TestTargetID = E200CA371869F89900C34C91;
					};
				};
			};
			buildConfigurationList = E200CA331869F89900C34C91 /* Build configuration list for PBXProject "Tap Me" */;
			compatibilityVersion = "Xcode 3.2";
			developmentRegion = English;
			hasScannedForEncodings = 0;
			knownRegions = (
				en,
				Base,
			);
			mainGroup = E200CA2F1869F89900C34C91;
			productRefGroup = E200CA391869F89900C34C91 /* Products */;
			projectDirPath = "";
			projectRoot = "";
			targets = (
				E200CA371869F89900C34C91 /* Tap Me */,
				E200CA581869F89900C34C91 /* Tap MeTests */,
			);
		};
/* End PBXProject section */

/* Begin PBXResourcesBuildPhase section */
		E200CA361869F89900C34C91 /* Resources */ = {
			isa = PBXResourcesBuildPhase;
			buildActionMask = 2147483647;
			files = (
				E2C5E961186AC1B700D9C33A /* bg_tile.png in Resources */,
				E200CA541869F89900C34C91 /* Images.xcassets in Resources */,
				E2C5E96F186AC1B700D9C33A /* field_time@2x.png in Resources */,
				E2C5E965186AC1B700D9C33A /* button_tap_selected.png in Resources */,
				E200CA461869F89900C34C91 /* InfoPlist.strings in Resources */,
				E2C5E966186AC1B700D9C33A /* button_tap_selected@2x.png in Resources */,
				E2C5E971186AC1B700D9C33A /* SecondBeep.wav in Resources */,
				E2C5E963186AC1B700D9C33A /* button_tap_deselected.png in Resources */,
				E2C5E96B186AC1B700D9C33A /* checker_top@2x.png in Resources */,
				E200CA4F1869F89900C34C91 /* Main.storyboard in Resources */,
				E2C5E968186AC1B700D9C33A /* checker_bottom.png in Resources */,
				E2C5E96A186AC1B700D9C33A /* checker_top.png in Resources */,
				E2C5E964186AC1B700D9C33A /* button_tap_deselected@2x.png in Resources */,
				E2C5E96C186AC1B700D9C33A /* field_score.png in Resources */,
				E2C5E96E186AC1B700D9C33A /* field_time.png in Resources */,
				E2C5E967186AC1B700D9C33A /* ButtonTap.wav in Resources */,
				E2C5E962186AC1B700D9C33A /* bg_tile@2x.png in Resources */,
				E2C5E96D186AC1B700D9C33A /* field_score@2x.png in Resources */,
				E2C5E969186AC1B700D9C33A /* checker_bottom@2x.png in Resources */,
				E2C5E970186AC1B700D9C33A /* HallOfTheMountainKing.mp3 in Resources */,
			);
			runOnlyForDeploymentPostprocessing = 0;
		};
		E200CA571869F89900C34C91 /* Resources */ = {
			isa = PBXResourcesBuildPhase;
			buildActionMask = 2147483647;
			files = (
				E200CA651869F89900C34C91 /* InfoPlist.strings in Resources */,
			);
			runOnlyForDeploymentPostprocessing = 0;
		};
/* End PBXResourcesBuildPhase section */

/* Begin PBXSourcesBuildPhase section */
		E200CA341869F89900C34C91 /* Sources */ = {
			isa = PBXSourcesBuildPhase;
			buildActionMask = 2147483647;
			files = (
				E200CA521869F89900C34C91 /* ViewController.m in Sources */,
				E200CA4C1869F89900C34C91 /* AppDelegate.m in Sources */,
				E200CA481869F89900C34C91 /* main.m in Sources */,
			);
			runOnlyForDeploymentPostprocessing = 0;
		};
		E200CA551869F89900C34C91 /* Sources */ = {
			isa = PBXSourcesBuildPhase;
			buildActionMask = 2147483647;
			files = (
				E200CA671869F89900C34C91 /* Tap_MeTests.m in Sources */,
			);
			runOnlyForDeploymentPostprocessing = 0;
		};
/* End PBXSourcesBuildPhase section */

/* Begin PBXTargetDependency section */
		E200CA5F1869F89900C34C91 /* PBXTargetDependency */ = {
			isa = PBXTargetDependency;
			target = E200CA371869F89900C34C91 /* Tap Me */;
			targetProxy = E200CA5E1869F89900C34C91 /* PBXContainerItemProxy */;
		};
/* End PBXTargetDependency section */

/* Begin PBXVariantGroup section */
		E200CA441869F89900C34C91 /* InfoPlist.strings */ = {
			isa = PBXVariantGroup;
			children = (
				E200CA451869F89900C34C91 /* en */,
			);
			name = InfoPlist.strings;
			sourceTree = "<group>";
		};
		E200CA4D1869F89900C34C91 /* Main.storyboard */ = {
			isa = PBXVariantGroup;
			children = (
				E200CA4E1869F89900C34C91 /* Base */,
			);
			name = Main.storyboard;
			sourceTree = "<group>";
		};
		E200CA631869F89900C34C91 /* InfoPlist.strings */ = {
			isa = PBXVariantGroup;
			children = (
				E200CA641869F89900C34C91 /* en */,
			);
			name = InfoPlist.strings;
			sourceTree = "<group>";
		};
/* End PBXVariantGroup section */

/* Begin XCBuildConfiguration section */
		E200CA681869F89900C34C91 /* Debug */ = {
			isa = XCBuildConfiguration;
			buildSettings = {
				ALWAYS_SEARCH_USER_PATHS = NO;
				ARCHS = "$(ARCHS_STANDARD_INCLUDING_64_BIT)";
				CLANG_CXX_LANGUAGE_STANDARD = "gnu++0x";
				CLANG_CXX_LIBRARY = "libc++";
				CLANG_ENABLE_MODULES = YES;
				CLANG_ENABLE_OBJC_ARC = YES;
				CLANG_WARN_BOOL_CONVERSION = YES;
				CLANG_WARN_CONSTANT_CONVERSION = YES;
				CLANG_WARN_DIRECT_OBJC_ISA_USAGE = YES_ERROR;
				CLANG_WARN_EMPTY_BODY = YES;
				CLANG_WARN_ENUM_CONVERSION = YES;
				CLANG_WARN_INT_CONVERSION = YES;
				CLANG_WARN_OBJC_ROOT_CLASS = YES_ERROR;
				CLANG_WARN__DUPLICATE_METHOD_MATCH = YES;
				"CODE_SIGN_IDENTITY[sdk=iphoneos*]" = "iPhone Developer";
				COPY_PHASE_STRIP = NO;
				GCC_C_LANGUAGE_STANDARD = gnu99;
				GCC_DYNAMIC_NO_PIC = NO;
				GCC_OPTIMIZATION_LEVEL = 0;
				GCC_PREPROCESSOR_DEFINITIONS = (
					"DEBUG=1",
					"$(inherited)",
				);
				GCC_SYMBOLS_PRIVATE_EXTERN = NO;
				GCC_WARN_64_TO_32_BIT_CONVERSION = YES;
				GCC_WARN_ABOUT_RETURN_TYPE = YES_ERROR;
				GCC_WARN_UNDECLARED_SELECTOR = YES;
				GCC_WARN_UNINITIALIZED_AUTOS = YES;
				GCC_WARN_UNUSED_FUNCTION = YES;
				GCC_WARN_UNUSED_VARIABLE = YES;
				IPHONEOS_DEPLOYMENT_TARGET = 7.0;
				ONLY_ACTIVE_ARCH = YES;
				SDKROOT = iphoneos;
			};
			name = Debug;
		};
		E200CA691869F89900C34C91 /* Release */ = {
			isa = XCBuildConfiguration;
			buildSettings = {
				ALWAYS_SEARCH_USER_PATHS = NO;
				ARCHS = "$(ARCHS_STANDARD_INCLUDING_64_BIT)";
				CLANG_CXX_LANGUAGE_STANDARD = "gnu++0x";
				CLANG_CXX_LIBRARY = "libc++";
				CLANG_ENABLE_MODULES = YES;
				CLANG_ENABLE_OBJC_ARC = YES;
				CLANG_WARN_BOOL_CONVERSION = YES;
				CLANG_WARN_CONSTANT_CONVERSION = YES;
				CLANG_WARN_DIRECT_OBJC_ISA_USAGE = YES_ERROR;
				CLANG_WARN_EMPTY_BODY = YES;
				CLANG_WARN_ENUM_CONVERSION = YES;
				CLANG_WARN_INT_CONVERSION = YES;
				CLANG_WARN_OBJC_ROOT_CLASS = YES_ERROR;
				CLANG_WARN__DUPLICATE_METHOD_MATCH = YES;
				"CODE_SIGN_IDENTITY[sdk=iphoneos*]" = "iPhone Developer";
				COPY_PHASE_STRIP = YES;
				ENABLE_NS_ASSERTIONS = NO;
				GCC_C_LANGUAGE_STANDARD = gnu99;
				GCC_WARN_64_TO_32_BIT_CONVERSION = YES;
				GCC_WARN_ABOUT_RETURN_TYPE = YES_ERROR;
				GCC_WARN_UNDECLARED_SELECTOR = YES;
				GCC_WARN_UNINITIALIZED_AUTOS = YES;
				GCC_WARN_UNUSED_FUNCTION = YES;
				GCC_WARN_UNUSED_VARIABLE = YES;
				IPHONEOS_DEPLOYMENT_TARGET = 7.0;
				SDKROOT = iphoneos;
				VALIDATE_PRODUCT = YES;
			};
			name = Release;
		};
		E200CA6B1869F89900C34C91 /* Debug */ = {
			isa = XCBuildConfiguration;
			buildSettings = {
				ASSETCATALOG_COMPILER_APPICON_NAME = AppIcon;
				ASSETCATALOG_COMPILER_LAUNCHIMAGE_NAME = LaunchImage;
				GCC_PRECOMPILE_PREFIX_HEADER = YES;
				GCC_PREFIX_HEADER = "Tap Me/Tap Me-Prefix.pch";
				INFOPLIST_FILE = "Tap Me/Tap Me-Info.plist";
				PRODUCT_NAME = "$(TARGET_NAME)";
				WRAPPER_EXTENSION = app;
			};
			name = Debug;
		};
		E200CA6C1869F89900C34C91 /* Release */ = {
			isa = XCBuildConfiguration;
			buildSettings = {
				ASSETCATALOG_COMPILER_APPICON_NAME = AppIcon;
				ASSETCATALOG_COMPILER_LAUNCHIMAGE_NAME = LaunchImage;
				GCC_PRECOMPILE_PREFIX_HEADER = YES;
				GCC_PREFIX_HEADER = "Tap Me/Tap Me-Prefix.pch";
				INFOPLIST_FILE = "Tap Me/Tap Me-Info.plist";
				PRODUCT_NAME = "$(TARGET_NAME)";
				WRAPPER_EXTENSION = app;
			};
			name = Release;
		};
		E200CA6E1869F89900C34C91 /* Debug */ = {
			isa = XCBuildConfiguration;
			buildSettings = {
				ARCHS = "$(ARCHS_STANDARD_INCLUDING_64_BIT)";
				BUNDLE_LOADER = "$(BUILT_PRODUCTS_DIR)/Tap Me.app/Tap Me";
				FRAMEWORK_SEARCH_PATHS = (
					"$(SDKROOT)/Developer/Library/Frameworks",
					"$(inherited)",
					"$(DEVELOPER_FRAMEWORKS_DIR)",
				);
				GCC_PRECOMPILE_PREFIX_HEADER = YES;
				GCC_PREFIX_HEADER = "Tap Me/Tap Me-Prefix.pch";
				GCC_PREPROCESSOR_DEFINITIONS = (
					"DEBUG=1",
					"$(inherited)",
				);
				INFOPLIST_FILE = "Tap MeTests/Tap MeTests-Info.plist";
				PRODUCT_NAME = "$(TARGET_NAME)";
				TEST_HOST = "$(BUNDLE_LOADER)";
				WRAPPER_EXTENSION = xctest;
			};
			name = Debug;
		};
		E200CA6F1869F89900C34C91 /* Release */ = {
			isa = XCBuildConfiguration;
			buildSettings = {
				ARCHS = "$(ARCHS_STANDARD_INCLUDING_64_BIT)";
				BUNDLE_LOADER = "$(BUILT_PRODUCTS_DIR)/Tap Me.app/Tap Me";
				FRAMEWORK_SEARCH_PATHS = (
					"$(SDKROOT)/Developer/Library/Frameworks",
					"$(inherited)",
					"$(DEVELOPER_FRAMEWORKS_DIR)",
				);
				GCC_PRECOMPILE_PREFIX_HEADER = YES;
				GCC_PREFIX_HEADER = "Tap Me/Tap Me-Prefix.pch";
				INFOPLIST_FILE = "Tap MeTests/Tap MeTests-Info.plist";
				PRODUCT_NAME = "$(TARGET_NAME)";
				TEST_HOST = "$(BUNDLE_LOADER)";
				WRAPPER_EXTENSION = xctest;
			};
			name = Release;
		};
/* End XCBuildConfiguration section */

/* Begin XCConfigurationList section */
		E200CA331869F89900C34C91 /* Build configuration list for PBXProject "Tap Me" */ = {
			isa = XCConfigurationList;
			buildConfigurations = (
				E200CA681869F89900C34C91 /* Debug */,
				E200CA691869F89900C34C91 /* Release */,
			);
			defaultConfigurationIsVisible = 0;
			defaultConfigurationName = Release;
		};
		E200CA6A1869F89900C34C91 /* Build configuration list for PBXNativeTarget "Tap Me" */ = {
			isa = XCConfigurationList;
			buildConfigurations = (
				E200CA6B1869F89900C34C91 /* Debug */,
				E200CA6C1869F89900C34C91 /* Release */,
			);
			defaultConfigurationIsVisible = 0;
			defaultConfigurationName = Release;
		};
		E200CA6D1869F89900C34C91 /* Build configuration list for PBXNativeTarget "Tap MeTests" */ = {
			isa = XCConfigurationList;
			buildConfigurations = (
				E200CA6E1869F89900C34C91 /* Debug */,
				E200CA6F1869F89900C34C91 /* Release */,
			);
			defaultConfigurationIsVisible = 0;
			defaultConfigurationName = Release;
		};
/* End XCConfigurationList section */
	};
	rootObject = E200CA301869F89900C34C91 /* Project object */;
}
